
Microsoft Visual Studio Solution File, Format Version 12.00
# Visual Studio Version 16
VisualStudioVersion = 16.0.32002.261
MinimumVisualStudioVersion = 10.0.40219.1
Project("{FAE04EC0-301F-11D3-BF4B-00C04F79EFBC}") = "ConsoleApp7", "ConsoleApp7\ConsoleApp7.csproj", "{87B62041-23FF-49CA-8562-295B9DC96CE4}"
EndProject
Global
	GlobalSection(SolutionConfigurationPlatforms) = preSolution
		Debug|Any CPU = Debug|Any CPU
		Release|Any CPU = Release|Any CPU
	EndGlobalSection
	GlobalSection(ProjectConfigurationPlatforms) = postSolution
		{87B62041-23FF-49CA-8562-295B9DC96CE4}.Debug|Any CPU.ActiveCfg = Debug|Any CPU
		{87B62041-23FF-49CA-8562-295B9DC96CE4}.Debug|Any CPU.Build.0 = Debug|Any CPU
		{87B62041-23FF-49CA-8562-295B9DC96CE4}.Release|Any CPU.ActiveCfg = Release|Any CPU
		{87B62041-23FF-49CA-8562-295B9DC96CE4}.Release|Any CPU.Build.0 = Release|Any CPU
	EndGlobalSection
	GlobalSection(SolutionProperties) = preSolution
		HideSolutionNode = FALSE
	EndGlobalSection
	GlobalSection(ExtensibilityGlobals) = postSolution
		SolutionGuid = {3AC1890D-39DB-45AF-B9DF-52808AE0FD61}
	EndGlobalSection
EndGlobal
